
Microsoft Visual Studio Solution File, Format Version 12.00
# Visual Studio Version 16
VisualStudioVersion = 16.0.30413.136
MinimumVisualStudioVersion = 10.0.40219.1
Project("{888888A0-9F3D-457C-B088-3A5042F75D52}") = "Tunniplaan", "Tunniplaan.pyproj", "{F0B690C5-58FA-43DF-AE1C-AABBBD0FBAC8}"
EndProject
Global
	GlobalSection(SolutionConfigurationPlatforms) = preSolution
		Debug|Any CPU = Debug|Any CPU
		Release|Any CPU = Release|Any CPU
	EndGlobalSection
	GlobalSection(ProjectConfigurationPlatforms) = postSolution
		{F0B690C5-58FA-43DF-AE1C-AABBBD0FBAC8}.Debug|Any CPU.ActiveCfg = Debug|Any CPU
		{F0B690C5-58FA-43DF-AE1C-AABBBD0FBAC8}.Release|Any CPU.ActiveCfg = Release|Any CPU
	EndGlobalSection
	GlobalSection(SolutionProperties) = preSolution
		HideSolutionNode = FALSE
	EndGlobalSection
	GlobalSection(ExtensibilityGlobals) = postSolution
		SolutionGuid = {638FBF30-E519-4953-A947-ABEDE0F28B0C}
	EndGlobalSection
EndGlobal
